
Microsoft Visual Studio Solution File, Format Version 12.00
# Visual Studio Version 17
VisualStudioVersion = 17.2.32516.85
MinimumVisualStudioVersion = 10.0.40219.1
Project("{9A19103F-16F7-4668-BE54-9A1E7A4F7556}") = "UnmistakableAPKInstaller", "UnmistakableAPKInstaller\UnmistakableAPKInstaller.csproj", "{6F788483-0AB0-4170-871C-7E04D2B199F0}"
EndProject
Project("{9A19103F-16F7-4668-BE54-9A1E7A4F7556}") = "UnmistakableAPKInstaller.Tools", "UnmistakableAPKInstaller.Tools\UnmistakableAPKInstaller.Tools.csproj", "{0E0502CC-70D8-4C3D-A725-A8DDB0E7FC9C}"
EndProject
Project("{9A19103F-16F7-4668-BE54-9A1E7A4F7556}") = "UnmistakableAPKInstaller.Helpers", "UnmistakableAPKInstaller.Helpers\UnmistakableAPKInstaller.Helpers.csproj", "{DF47BCEE-5AA4-400E-9107-9E3BC613D52E}"
EndProject
Project("{9A19103F-16F7-4668-BE54-9A1E7A4F7556}") = "UnmistakableAPKInstaller.Core", "UnmistakableAPKInstaller.Core\UnmistakableAPKInstaller.Core.csproj", "{995BC866-34E9-4FF9-A13C-CFEAFE25B719}"
EndProject
Project("{FAE04EC0-301F-11D3-BF4B-00C04F79EFBC}") = "UnmistakableAPKInstaller.AvaloniaUI", "UnmistakableAPKInstaller.AvaloniaUI\UnmistakableAPKInstaller.AvaloniaUI.csproj", "{E85E4A4C-2E18-4B28-959F-BD64D36CAE1C}"
EndProject
Global
	GlobalSection(SolutionConfigurationPlatforms) = preSolution
		Debug|Any CPU = Debug|Any CPU
		Release|Any CPU = Release|Any CPU
	EndGlobalSection
	GlobalSection(ProjectConfigurationPlatforms) = postSolution
		{6F788483-0AB0-4170-871C-7E04D2B199F0}.Debug|Any CPU.ActiveCfg = Debug|Any CPU
		{6F788483-0AB0-4170-871C-7E04D2B199F0}.Debug|Any CPU.Build.0 = Debug|Any CPU
		{6F788483-0AB0-4170-871C-7E04D2B199F0}.Release|Any CPU.ActiveCfg = Release|Any CPU
		{6F788483-0AB0-4170-871C-7E04D2B199F0}.Release|Any CPU.Build.0 = Release|Any CPU
		{0E0502CC-70D8-4C3D-A725-A8DDB0E7FC9C}.Debug|Any CPU.ActiveCfg = Debug|Any CPU
		{0E0502CC-70D8-4C3D-A725-A8DDB0E7FC9C}.Debug|Any CPU.Build.0 = Debug|Any CPU
		{0E0502CC-70D8-4C3D-A725-A8DDB0E7FC9C}.Release|Any CPU.ActiveCfg = Release|Any CPU
		{0E0502CC-70D8-4C3D-A725-A8DDB0E7FC9C}.Release|Any CPU.Build.0 = Release|Any CPU
		{DF47BCEE-5AA4-400E-9107-9E3BC613D52E}.Debug|Any CPU.ActiveCfg = Debug|Any CPU
		{DF47BCEE-5AA4-400E-9107-9E3BC613D52E}.Debug|Any CPU.Build.0 = Debug|Any CPU
		{DF47BCEE-5AA4-400E-9107-9E3BC613D52E}.Release|Any CPU.ActiveCfg = Release|Any CPU
		{DF47BCEE-5AA4-400E-9107-9E3BC613D52E}.Release|Any CPU.Build.0 = Release|Any CPU
		{995BC866-34E9-4FF9-A13C-CFEAFE25B719}.Debug|Any CPU.ActiveCfg = Debug|Any CPU
		{995BC866-34E9-4FF9-A13C-CFEAFE25B719}.Debug|Any CPU.Build.0 = Debug|Any CPU
		{995BC866-34E9-4FF9-A13C-CFEAFE25B719}.Release|Any CPU.ActiveCfg = Release|Any CPU
		{995BC866-34E9-4FF9-A13C-CFEAFE25B719}.Release|Any CPU.Build.0 = Release|Any CPU
		{E85E4A4C-2E18-4B28-959F-BD64D36CAE1C}.Debug|Any CPU.ActiveCfg = Debug|Any CPU
		{E85E4A4C-2E18-4B28-959F-BD64D36CAE1C}.Debug|Any CPU.Build.0 = Debug|Any CPU
		{E85E4A4C-2E18-4B28-959F-BD64D36CAE1C}.Release|Any CPU.ActiveCfg = Release|Any CPU
		{E85E4A4C-2E18-4B28-959F-BD64D36CAE1C}.Release|Any CPU.Build.0 = Release|Any CPU
	EndGlobalSection
	GlobalSection(SolutionProperties) = preSolution
		HideSolutionNode = FALSE
	EndGlobalSection
	GlobalSection(ExtensibilityGlobals) = postSolution
		SolutionGuid = {859FE497-DFFE-4748-BECE-7DBD3369D1E8}
	EndGlobalSection
EndGlobal
